
Microsoft Visual Studio Solution File, Format Version 12.00
# Visual Studio Version 16
VisualStudioVersion = 16.0.29411.108
MinimumVisualStudioVersion = 10.0.40219.1
Project("{9A19103F-16F7-4668-BE54-9A1E7A4F7556}") = "Tasks0", "Tasks0.csproj", "{356F9D91-B020-4479-96EE-6ED29E00F569}"
EndProject
Project("{FAE04EC0-301F-11D3-BF4B-00C04F79EFBC}") = "Task1", "Task1\Task1.csproj", "{D82B79D2-1F9D-48C7-9BF6-30E1A0F14962}"
EndProject
Project("{FAE04EC0-301F-11D3-BF4B-00C04F79EFBC}") = "Task2", "Task2\Task2.csproj", "{5130C5E8-0DFA-4DC0-A514-BD3D509D0923}"
EndProject
Project("{FAE04EC0-301F-11D3-BF4B-00C04F79EFBC}") = "Task3", "Task3\Task3.csproj", "{E65DAED1-F626-419E-B955-6B977DDD00C9}"
EndProject
Project("{FAE04EC0-301F-11D3-BF4B-00C04F79EFBC}") = "Task4", "Task4\Task4.csproj", "{CB393D68-A526-40E3-8E76-98FC8C2A1A78}"
EndProject
Project("{FAE04EC0-301F-11D3-BF4B-00C04F79EFBC}") = "Task5", "Task5\Task5.csproj", "{4D14578E-4864-425F-BC1B-9225C8A68880}"
EndProject
Project("{FAE04EC0-301F-11D3-BF4B-00C04F79EFBC}") = "Task7", "Task7\Task7.csproj", "{7246C1C3-2F4E-428D-9754-8F805C479C70}"
EndProject
Project("{FAE04EC0-301F-11D3-BF4B-00C04F79EFBC}") = "Task6.BLL", "Task6\Task6.BLL\Task6.BLL.csproj", "{1CE83C0B-A544-421C-8F11-75C2833FE5DE}"
EndProject
Project("{2150E333-8FDC-42A3-9474-1A3956D46DE8}") = "Task6", "Task6", "{F7E79530-D2C8-4B6E-894B-D80C39319A6A}"
EndProject
Project("{FAE04EC0-301F-11D3-BF4B-00C04F79EFBC}") = "Task6.BLL.Interfaces", "Task6\Task6.BLL.Interfaces\Task6.BLL.Interfaces.csproj", "{7523EFD4-28B9-42DE-A5D6-634730418708}"
EndProject
Project("{FAE04EC0-301F-11D3-BF4B-00C04F79EFBC}") = "Task6.PL", "Task6\Task6.PL\Task6.PL.csproj", "{7ED447D9-AABD-4467-9BFD-363FAB69FF02}"
EndProject
Project("{FAE04EC0-301F-11D3-BF4B-00C04F79EFBC}") = "Task6.DAL", "Task6\Task6.DAL\Task6.DAL.csproj", "{F8841071-9999-4C17-8476-E072ECA63BEA}"
EndProject
Project("{FAE04EC0-301F-11D3-BF4B-00C04F79EFBC}") = "Task6.DAL.Interfaces", "Task6\Task6.DAL.Interfaces\Task6.DAL.Interfaces.csproj", "{43BBB013-3896-4BD8-8636-6EA92820DE32}"
EndProject
Project("{FAE04EC0-301F-11D3-BF4B-00C04F79EFBC}") = "Task6.Entities", "Task6\Task6.Entities\Task6.Entities.csproj", "{103F7420-EA39-49FD-9AB6-9EB482E5C939}"
EndProject
Project("{FAE04EC0-301F-11D3-BF4B-00C04F79EFBC}") = "Task6.Common", "Task6\Task6.Ioc\Task6.Common.csproj", "{36FEB1F7-3EC7-425A-A48E-C8DD57BF4449}"
EndProject
Project("{2150E333-8FDC-42A3-9474-1A3956D46DE8}") = "BLL", "BLL", "{AD76F623-9E6C-49E2-AF36-54679CD00A5E}"
EndProject
Project("{2150E333-8FDC-42A3-9474-1A3956D46DE8}") = "DAL", "DAL", "{49B7198B-F37B-45B1-BDC7-1701FB1FF592}"
EndProject
Project("{2150E333-8FDC-42A3-9474-1A3956D46DE8}") = "PL", "PL", "{529ED847-AFFE-4081-9B88-1229516EC2DC}"
EndProject
Project("{2150E333-8FDC-42A3-9474-1A3956D46DE8}") = "Common", "Common", "{A4BE8827-403A-4301-ABA9-8F98ECB80577}"
EndProject
Global
	GlobalSection(SolutionConfigurationPlatforms) = preSolution
		Debug|Any CPU = Debug|Any CPU
		Release|Any CPU = Release|Any CPU
	EndGlobalSection
	GlobalSection(ProjectConfigurationPlatforms) = postSolution
		{356F9D91-B020-4479-96EE-6ED29E00F569}.Debug|Any CPU.ActiveCfg = Debug|Any CPU
		{356F9D91-B020-4479-96EE-6ED29E00F569}.Debug|Any CPU.Build.0 = Debug|Any CPU
		{356F9D91-B020-4479-96EE-6ED29E00F569}.Release|Any CPU.ActiveCfg = Release|Any CPU
		{356F9D91-B020-4479-96EE-6ED29E00F569}.Release|Any CPU.Build.0 = Release|Any CPU
		{D82B79D2-1F9D-48C7-9BF6-30E1A0F14962}.Debug|Any CPU.ActiveCfg = Debug|Any CPU
		{D82B79D2-1F9D-48C7-9BF6-30E1A0F14962}.Debug|Any CPU.Build.0 = Debug|Any CPU
		{D82B79D2-1F9D-48C7-9BF6-30E1A0F14962}.Release|Any CPU.ActiveCfg = Release|Any CPU
		{D82B79D2-1F9D-48C7-9BF6-30E1A0F14962}.Release|Any CPU.Build.0 = Release|Any CPU
		{5130C5E8-0DFA-4DC0-A514-BD3D509D0923}.Debug|Any CPU.ActiveCfg = Debug|Any CPU
		{5130C5E8-0DFA-4DC0-A514-BD3D509D0923}.Debug|Any CPU.Build.0 = Debug|Any CPU
		{5130C5E8-0DFA-4DC0-A514-BD3D509D0923}.Release|Any CPU.ActiveCfg = Release|Any CPU
		{5130C5E8-0DFA-4DC0-A514-BD3D509D0923}.Release|Any CPU.Build.0 = Release|Any CPU
		{E65DAED1-F626-419E-B955-6B977DDD00C9}.Debug|Any CPU.ActiveCfg = Debug|Any CPU
		{E65DAED1-F626-419E-B955-6B977DDD00C9}.Debug|Any CPU.Build.0 = Debug|Any CPU
		{E65DAED1-F626-419E-B955-6B977DDD00C9}.Release|Any CPU.ActiveCfg = Release|Any CPU
		{E65DAED1-F626-419E-B955-6B977DDD00C9}.Release|Any CPU.Build.0 = Release|Any CPU
		{CB393D68-A526-40E3-8E76-98FC8C2A1A78}.Debug|Any CPU.ActiveCfg = Debug|Any CPU
		{CB393D68-A526-40E3-8E76-98FC8C2A1A78}.Debug|Any CPU.Build.0 = Debug|Any CPU
		{CB393D68-A526-40E3-8E76-98FC8C2A1A78}.Release|Any CPU.ActiveCfg = Release|Any CPU
		{CB393D68-A526-40E3-8E76-98FC8C2A1A78}.Release|Any CPU.Build.0 = Release|Any CPU
		{4D14578E-4864-425F-BC1B-9225C8A68880}.Debug|Any CPU.ActiveCfg = Debug|Any CPU
		{4D14578E-4864-425F-BC1B-9225C8A68880}.Debug|Any CPU.Build.0 = Debug|Any CPU
		{4D14578E-4864-425F-BC1B-9225C8A68880}.Release|Any CPU.ActiveCfg = Release|Any CPU
		{4D14578E-4864-425F-BC1B-9225C8A68880}.Release|Any CPU.Build.0 = Release|Any CPU
		{7246C1C3-2F4E-428D-9754-8F805C479C70}.Debug|Any CPU.ActiveCfg = Debug|Any CPU
		{7246C1C3-2F4E-428D-9754-8F805C479C70}.Debug|Any CPU.Build.0 = Debug|Any CPU
		{7246C1C3-2F4E-428D-9754-8F805C479C70}.Release|Any CPU.ActiveCfg = Release|Any CPU
		{7246C1C3-2F4E-428D-9754-8F805C479C70}.Release|Any CPU.Build.0 = Release|Any CPU
		{1CE83C0B-A544-421C-8F11-75C2833FE5DE}.Debug|Any CPU.ActiveCfg = Debug|Any CPU
		{1CE83C0B-A544-421C-8F11-75C2833FE5DE}.Debug|Any CPU.Build.0 = Debug|Any CPU
		{1CE83C0B-A544-421C-8F11-75C2833FE5DE}.Release|Any CPU.ActiveCfg = Release|Any CPU
		{1CE83C0B-A544-421C-8F11-75C2833FE5DE}.Release|Any CPU.Build.0 = Release|Any CPU
		{7523EFD4-28B9-42DE-A5D6-634730418708}.Debug|Any CPU.ActiveCfg = Debug|Any CPU
		{7523EFD4-28B9-42DE-A5D6-634730418708}.Debug|Any CPU.Build.0 = Debug|Any CPU
		{7523EFD4-28B9-42DE-A5D6-634730418708}.Release|Any CPU.ActiveCfg = Release|Any CPU
		{7523EFD4-28B9-42DE-A5D6-634730418708}.Release|Any CPU.Build.0 = Release|Any CPU
		{7ED447D9-AABD-4467-9BFD-363FAB69FF02}.Debug|Any CPU.ActiveCfg = Debug|Any CPU
		{7ED447D9-AABD-4467-9BFD-363FAB69FF02}.Debug|Any CPU.Build.0 = Debug|Any CPU
		{7ED447D9-AABD-4467-9BFD-363FAB69FF02}.Release|Any CPU.ActiveCfg = Release|Any CPU
		{7ED447D9-AABD-4467-9BFD-363FAB69FF02}.Release|Any CPU.Build.0 = Release|Any CPU
		{F8841071-9999-4C17-8476-E072ECA63BEA}.Debug|Any CPU.ActiveCfg = Debug|Any CPU
		{F8841071-9999-4C17-8476-E072ECA63BEA}.Debug|Any CPU.Build.0 = Debug|Any CPU
		{F8841071-9999-4C17-8476-E072ECA63BEA}.Release|Any CPU.ActiveCfg = Release|Any CPU
		{F8841071-9999-4C17-8476-E072ECA63BEA}.Release|Any CPU.Build.0 = Release|Any CPU
		{43BBB013-3896-4BD8-8636-6EA92820DE32}.Debug|Any CPU.ActiveCfg = Debug|Any CPU
		{43BBB013-3896-4BD8-8636-6EA92820DE32}.Debug|Any CPU.Build.0 = Debug|Any CPU
		{43BBB013-3896-4BD8-8636-6EA92820DE32}.Release|Any CPU.ActiveCfg = Release|Any CPU
		{43BBB013-3896-4BD8-8636-6EA92820DE32}.Release|Any CPU.Build.0 = Release|Any CPU
		{103F7420-EA39-49FD-9AB6-9EB482E5C939}.Debug|Any CPU.ActiveCfg = Debug|Any CPU
		{103F7420-EA39-49FD-9AB6-9EB482E5C939}.Debug|Any CPU.Build.0 = Debug|Any CPU
		{103F7420-EA39-49FD-9AB6-9EB482E5C939}.Release|Any CPU.ActiveCfg = Release|Any CPU
		{103F7420-EA39-49FD-9AB6-9EB482E5C939}.Release|Any CPU.Build.0 = Release|Any CPU
		{36FEB1F7-3EC7-425A-A48E-C8DD57BF4449}.Debug|Any CPU.ActiveCfg = Debug|Any CPU
		{36FEB1F7-3EC7-425A-A48E-C8DD57BF4449}.Debug|Any CPU.Build.0 = Debug|Any CPU
		{36FEB1F7-3EC7-425A-A48E-C8DD57BF4449}.Release|Any CPU.ActiveCfg = Release|Any CPU
		{36FEB1F7-3EC7-425A-A48E-C8DD57BF4449}.Release|Any CPU.Build.0 = Release|Any CPU
	EndGlobalSection
	GlobalSection(SolutionProperties) = preSolution
		HideSolutionNode = FALSE
	EndGlobalSection
	GlobalSection(NestedProjects) = preSolution
		{1CE83C0B-A544-421C-8F11-75C2833FE5DE} = {AD76F623-9E6C-49E2-AF36-54679CD00A5E}
		{7523EFD4-28B9-42DE-A5D6-634730418708} = {AD76F623-9E6C-49E2-AF36-54679CD00A5E}
		{7ED447D9-AABD-4467-9BFD-363FAB69FF02} = {529ED847-AFFE-4081-9B88-1229516EC2DC}
		{F8841071-9999-4C17-8476-E072ECA63BEA} = {49B7198B-F37B-45B1-BDC7-1701FB1FF592}
		{43BBB013-3896-4BD8-8636-6EA92820DE32} = {49B7198B-F37B-45B1-BDC7-1701FB1FF592}
		{103F7420-EA39-49FD-9AB6-9EB482E5C939} = {A4BE8827-403A-4301-ABA9-8F98ECB80577}
		{36FEB1F7-3EC7-425A-A48E-C8DD57BF4449} = {A4BE8827-403A-4301-ABA9-8F98ECB80577}
		{AD76F623-9E6C-49E2-AF36-54679CD00A5E} = {F7E79530-D2C8-4B6E-894B-D80C39319A6A}
		{49B7198B-F37B-45B1-BDC7-1701FB1FF592} = {F7E79530-D2C8-4B6E-894B-D80C39319A6A}
		{529ED847-AFFE-4081-9B88-1229516EC2DC} = {F7E79530-D2C8-4B6E-894B-D80C39319A6A}
		{A4BE8827-403A-4301-ABA9-8F98ECB80577} = {F7E79530-D2C8-4B6E-894B-D80C39319A6A}
	EndGlobalSection
	GlobalSection(ExtensibilityGlobals) = postSolution
		SolutionGuid = {F57F4922-0784-417F-BD33-C597B443EFE5}
	EndGlobalSection
EndGlobal
