
Microsoft Visual Studio Solution File, Format Version 12.00
# Visual Studio Version 16
VisualStudioVersion = 16.0.29806.167
MinimumVisualStudioVersion = 10.0.40219.1
Project("{FAE04EC0-301F-11D3-BF4B-00C04F79EFBC}") = "Final.DAL", "Final.DAL.csproj", "{1AEDC705-A2FF-43F4-9655-6BDB0A6E3F6C}"
EndProject
Project("{FAE04EC0-301F-11D3-BF4B-00C04F79EFBC}") = "Final.DAL.Interfaces", "..\Final.DAL.Interfaces\Final.DAL.Interfaces.csproj", "{8C31A801-F194-4B2D-8B7A-DB2D78315459}"
EndProject
Project("{FAE04EC0-301F-11D3-BF4B-00C04F79EFBC}") = "Final.BLL", "..\Final.BLL\Final.BLL.csproj", "{11C04EEC-3D21-41AC-9D70-E6A53289C686}"
EndProject
Project("{FAE04EC0-301F-11D3-BF4B-00C04F79EFBC}") = "Final.BLL.Interfaces", "..\Final.BLL.Interfaces\Final.BLL.Interfaces.csproj", "{82C1D416-8958-4124-A0E6-06E47A562EE3}"
EndProject
Project("{FAE04EC0-301F-11D3-BF4B-00C04F79EFBC}") = "Final.Entities", "..\Final.Entities\Final.Entities.csproj", "{C52A870D-092E-4259-A43C-1184E3D0067A}"
EndProject
Project("{FAE04EC0-301F-11D3-BF4B-00C04F79EFBC}") = "Final.Common", "..\Final.Ioc\Final.Common.csproj", "{4EACDCB7-D6D1-4D19-9E30-29B3A6819897}"
EndProject
Project("{2150E333-8FDC-42A3-9474-1A3956D46DE8}") = "BLL", "BLL", "{A061C58A-44EA-442B-AE9F-352FE51D714E}"
EndProject
Project("{2150E333-8FDC-42A3-9474-1A3956D46DE8}") = "DAL", "DAL", "{817645FB-0226-4EF1-920E-638F4685D6CC}"
EndProject
Project("{2150E333-8FDC-42A3-9474-1A3956D46DE8}") = "Common", "Common", "{31D2773B-7692-4019-B7C9-53A5415B9648}"
EndProject
Project("{2150E333-8FDC-42A3-9474-1A3956D46DE8}") = "PL", "PL", "{A10B14D0-5BC1-40E9-8BC7-A62034E5A5BB}"
EndProject
Project("{FAE04EC0-301F-11D3-BF4B-00C04F79EFBC}") = "Final.PL", "..\Final.PL\Final.PL.csproj", "{C9561C56-187B-4D89-A407-B382E84D7BE9}"
EndProject
Project("{2150E333-8FDC-42A3-9474-1A3956D46DE8}") = "Logger", "Logger", "{F3C69226-772E-49EF-B389-728369888759}"
EndProject
Project("{FAE04EC0-301F-11D3-BF4B-00C04F79EFBC}") = "Final.Logger", "..\Final.Logger\Final.Logger.csproj", "{76A498A5-8801-43B3-8AF8-5340465E130C}"
EndProject
Global
	GlobalSection(SolutionConfigurationPlatforms) = preSolution
		Debug|Any CPU = Debug|Any CPU
		Release|Any CPU = Release|Any CPU
	EndGlobalSection
	GlobalSection(ProjectConfigurationPlatforms) = postSolution
		{1AEDC705-A2FF-43F4-9655-6BDB0A6E3F6C}.Debug|Any CPU.ActiveCfg = Debug|Any CPU
		{1AEDC705-A2FF-43F4-9655-6BDB0A6E3F6C}.Debug|Any CPU.Build.0 = Debug|Any CPU
		{1AEDC705-A2FF-43F4-9655-6BDB0A6E3F6C}.Release|Any CPU.ActiveCfg = Release|Any CPU
		{1AEDC705-A2FF-43F4-9655-6BDB0A6E3F6C}.Release|Any CPU.Build.0 = Release|Any CPU
		{8C31A801-F194-4B2D-8B7A-DB2D78315459}.Debug|Any CPU.ActiveCfg = Debug|Any CPU
		{8C31A801-F194-4B2D-8B7A-DB2D78315459}.Debug|Any CPU.Build.0 = Debug|Any CPU
		{8C31A801-F194-4B2D-8B7A-DB2D78315459}.Release|Any CPU.ActiveCfg = Release|Any CPU
		{8C31A801-F194-4B2D-8B7A-DB2D78315459}.Release|Any CPU.Build.0 = Release|Any CPU
		{11C04EEC-3D21-41AC-9D70-E6A53289C686}.Debug|Any CPU.ActiveCfg = Debug|Any CPU
		{11C04EEC-3D21-41AC-9D70-E6A53289C686}.Debug|Any CPU.Build.0 = Debug|Any CPU
		{11C04EEC-3D21-41AC-9D70-E6A53289C686}.Release|Any CPU.ActiveCfg = Release|Any CPU
		{11C04EEC-3D21-41AC-9D70-E6A53289C686}.Release|Any CPU.Build.0 = Release|Any CPU
		{82C1D416-8958-4124-A0E6-06E47A562EE3}.Debug|Any CPU.ActiveCfg = Debug|Any CPU
		{82C1D416-8958-4124-A0E6-06E47A562EE3}.Debug|Any CPU.Build.0 = Debug|Any CPU
		{82C1D416-8958-4124-A0E6-06E47A562EE3}.Release|Any CPU.ActiveCfg = Release|Any CPU
		{82C1D416-8958-4124-A0E6-06E47A562EE3}.Release|Any CPU.Build.0 = Release|Any CPU
		{C52A870D-092E-4259-A43C-1184E3D0067A}.Debug|Any CPU.ActiveCfg = Debug|Any CPU
		{C52A870D-092E-4259-A43C-1184E3D0067A}.Debug|Any CPU.Build.0 = Debug|Any CPU
		{C52A870D-092E-4259-A43C-1184E3D0067A}.Release|Any CPU.ActiveCfg = Release|Any CPU
		{C52A870D-092E-4259-A43C-1184E3D0067A}.Release|Any CPU.Build.0 = Release|Any CPU
		{4EACDCB7-D6D1-4D19-9E30-29B3A6819897}.Debug|Any CPU.ActiveCfg = Debug|Any CPU
		{4EACDCB7-D6D1-4D19-9E30-29B3A6819897}.Debug|Any CPU.Build.0 = Debug|Any CPU
		{4EACDCB7-D6D1-4D19-9E30-29B3A6819897}.Release|Any CPU.ActiveCfg = Release|Any CPU
		{4EACDCB7-D6D1-4D19-9E30-29B3A6819897}.Release|Any CPU.Build.0 = Release|Any CPU
		{C9561C56-187B-4D89-A407-B382E84D7BE9}.Debug|Any CPU.ActiveCfg = Debug|Any CPU
		{C9561C56-187B-4D89-A407-B382E84D7BE9}.Debug|Any CPU.Build.0 = Debug|Any CPU
		{C9561C56-187B-4D89-A407-B382E84D7BE9}.Release|Any CPU.ActiveCfg = Release|Any CPU
		{C9561C56-187B-4D89-A407-B382E84D7BE9}.Release|Any CPU.Build.0 = Release|Any CPU
		{76A498A5-8801-43B3-8AF8-5340465E130C}.Debug|Any CPU.ActiveCfg = Debug|Any CPU
		{76A498A5-8801-43B3-8AF8-5340465E130C}.Debug|Any CPU.Build.0 = Debug|Any CPU
		{76A498A5-8801-43B3-8AF8-5340465E130C}.Release|Any CPU.ActiveCfg = Release|Any CPU
		{76A498A5-8801-43B3-8AF8-5340465E130C}.Release|Any CPU.Build.0 = Release|Any CPU
	EndGlobalSection
	GlobalSection(SolutionProperties) = preSolution
		HideSolutionNode = FALSE
	EndGlobalSection
	GlobalSection(NestedProjects) = preSolution
		{1AEDC705-A2FF-43F4-9655-6BDB0A6E3F6C} = {817645FB-0226-4EF1-920E-638F4685D6CC}
		{8C31A801-F194-4B2D-8B7A-DB2D78315459} = {817645FB-0226-4EF1-920E-638F4685D6CC}
		{11C04EEC-3D21-41AC-9D70-E6A53289C686} = {A061C58A-44EA-442B-AE9F-352FE51D714E}
		{82C1D416-8958-4124-A0E6-06E47A562EE3} = {A061C58A-44EA-442B-AE9F-352FE51D714E}
		{C52A870D-092E-4259-A43C-1184E3D0067A} = {31D2773B-7692-4019-B7C9-53A5415B9648}
		{4EACDCB7-D6D1-4D19-9E30-29B3A6819897} = {31D2773B-7692-4019-B7C9-53A5415B9648}
		{C9561C56-187B-4D89-A407-B382E84D7BE9} = {A10B14D0-5BC1-40E9-8BC7-A62034E5A5BB}
		{76A498A5-8801-43B3-8AF8-5340465E130C} = {F3C69226-772E-49EF-B389-728369888759}
	EndGlobalSection
	GlobalSection(ExtensibilityGlobals) = postSolution
		SolutionGuid = {D8CEF37A-A85F-461E-BC46-53E70AC9D430}
	EndGlobalSection
EndGlobal
